
Microsoft Visual Studio Solution File, Format Version 12.00
# Visual Studio Version 16
VisualStudioVersion = 16.0.30204.135
MinimumVisualStudioVersion = 10.0.40219.1
Project("{FAE04EC0-301F-11D3-BF4B-00C04F79EFBC}") = "EmployeeManagementTool", "EmployeeManagementTool\EmployeeManagementTool.csproj", "{05980CBE-316A-45FA-B4FC-D72FBF7414BA}"
EndProject
Global
	GlobalSection(SolutionConfigurationPlatforms) = preSolution
		Debug|Any CPU = Debug|Any CPU
		Release|Any CPU = Release|Any CPU
	EndGlobalSection
	GlobalSection(ProjectConfigurationPlatforms) = postSolution
		{05980CBE-316A-45FA-B4FC-D72FBF7414BA}.Debug|Any CPU.ActiveCfg = Debug|Any CPU
		{05980CBE-316A-45FA-B4FC-D72FBF7414BA}.Debug|Any CPU.Build.0 = Debug|Any CPU
		{05980CBE-316A-45FA-B4FC-D72FBF7414BA}.Release|Any CPU.ActiveCfg = Release|Any CPU
		{05980CBE-316A-45FA-B4FC-D72FBF7414BA}.Release|Any CPU.Build.0 = Release|Any CPU
	EndGlobalSection
	GlobalSection(SolutionProperties) = preSolution
		HideSolutionNode = FALSE
	EndGlobalSection
	GlobalSection(ExtensibilityGlobals) = postSolution
		SolutionGuid = {D8DA29AD-46DE-4ACD-B2ED-FE9270D63881}
	EndGlobalSection
EndGlobal
